{
  "name": "@lo/developer-tools",
  "version": "0.1.0",
  "lockfileVersion": 3,
  "requires": true,
  "packages": {
    "": {
      "name": "@lo/developer-tools",
      "version": "0.1.0",
      "license": "MIT",
      "bin": {
        "lo": "bin/lo.mjs"
      },
      "engines": {
        "node": ">=22"
      }
    }
  }
}
